
Microsoft Visual Studio Solution File, Format Version 12.00
# Visual Studio 15
VisualStudioVersion = 15.0.28307.705
MinimumVisualStudioVersion = 10.0.40219.1
Project("{FAE04EC0-301F-11D3-BF4B-00C04F79EFBC}") = "MvcRouter", "MvcRouter\MvcRouter.csproj", "{5C5F7A06-0C33-4AD2-8091-C979E05287BE}"
EndProject
Project("{9A19103F-16F7-4668-BE54-9A1E7A4F7556}") = "DemoApp", "DemoApp\DemoApp.csproj", "{FC0FC38A-DA3D-476E-ABC5-DFD2D3AB85F9}"
	ProjectSection(ProjectDependencies) = postProject
		{5C5F7A06-0C33-4AD2-8091-C979E05287BE} = {5C5F7A06-0C33-4AD2-8091-C979E05287BE}
	EndProjectSection
EndProject
Global
	GlobalSection(SolutionConfigurationPlatforms) = preSolution
		Debug|Any CPU = Debug|Any CPU
		Release|Any CPU = Release|Any CPU
	EndGlobalSection
	GlobalSection(ProjectConfigurationPlatforms) = postSolution
		{5C5F7A06-0C33-4AD2-8091-C979E05287BE}.Debug|Any CPU.ActiveCfg = Debug|Any CPU
		{5C5F7A06-0C33-4AD2-8091-C979E05287BE}.Debug|Any CPU.Build.0 = Debug|Any CPU
		{5C5F7A06-0C33-4AD2-8091-C979E05287BE}.Release|Any CPU.ActiveCfg = Release|Any CPU
		{5C5F7A06-0C33-4AD2-8091-C979E05287BE}.Release|Any CPU.Build.0 = Release|Any CPU
		{FC0FC38A-DA3D-476E-ABC5-DFD2D3AB85F9}.Debug|Any CPU.ActiveCfg = Debug|Any CPU
		{FC0FC38A-DA3D-476E-ABC5-DFD2D3AB85F9}.Debug|Any CPU.Build.0 = Debug|Any CPU
		{FC0FC38A-DA3D-476E-ABC5-DFD2D3AB85F9}.Release|Any CPU.ActiveCfg = Release|Any CPU
		{FC0FC38A-DA3D-476E-ABC5-DFD2D3AB85F9}.Release|Any CPU.Build.0 = Release|Any CPU
	EndGlobalSection
	GlobalSection(SolutionProperties) = preSolution
		HideSolutionNode = FALSE
	EndGlobalSection
	GlobalSection(ExtensibilityGlobals) = postSolution
		SolutionGuid = {F73D41CB-FB56-4D7C-9AA4-9D5C32D7912E}
	EndGlobalSection
EndGlobal
